
Microsoft Visual Studio Solution File, Format Version 12.00
# Visual Studio Version 17
VisualStudioVersion = 17.9.34723.18
MinimumVisualStudioVersion = 10.0.40219.1
Project("{FAE04EC0-301F-11D3-BF4B-00C04F79EFBC}") = "STEGANOMIX", "STEGANOMIX\STEGANOMIX.csproj", "{B85775AD-1403-46FB-93AE-C9890F50C748}"
EndProject
Global
	GlobalSection(SolutionConfigurationPlatforms) = preSolution
		Debug|Any CPU = Debug|Any CPU
		Release|Any CPU = Release|Any CPU
	EndGlobalSection
	GlobalSection(ProjectConfigurationPlatforms) = postSolution
		{B85775AD-1403-46FB-93AE-C9890F50C748}.Debug|Any CPU.ActiveCfg = Debug|Any CPU
		{B85775AD-1403-46FB-93AE-C9890F50C748}.Debug|Any CPU.Build.0 = Debug|Any CPU
		{B85775AD-1403-46FB-93AE-C9890F50C748}.Release|Any CPU.ActiveCfg = Release|Any CPU
		{B85775AD-1403-46FB-93AE-C9890F50C748}.Release|Any CPU.Build.0 = Release|Any CPU
	EndGlobalSection
	GlobalSection(SolutionProperties) = preSolution
		HideSolutionNode = FALSE
	EndGlobalSection
	GlobalSection(ExtensibilityGlobals) = postSolution
		SolutionGuid = {456D3DEC-09BF-436A-82DE-F68CC507386F}
	EndGlobalSection
EndGlobal
